
Microsoft Visual Studio Solution File, Format Version 12.00
# Visual Studio 15
VisualStudioVersion = 15.0.28307.1259
MinimumVisualStudioVersion = 10.0.40219.1
Project("{FAE04EC0-301F-11D3-BF4B-00C04F79EFBC}") = "UpdateFocusedControl", "UpdateFocusedControl\UpdateFocusedControl.csproj", "{869CB583-2190-48A4-AE2E-95B0CD3490FB}"
EndProject
Global
	GlobalSection(SolutionConfigurationPlatforms) = preSolution
		Debug|Any CPU = Debug|Any CPU
		Release|Any CPU = Release|Any CPU
	EndGlobalSection
	GlobalSection(ProjectConfigurationPlatforms) = postSolution
		{869CB583-2190-48A4-AE2E-95B0CD3490FB}.Debug|Any CPU.ActiveCfg = Debug|Any CPU
		{869CB583-2190-48A4-AE2E-95B0CD3490FB}.Debug|Any CPU.Build.0 = Debug|Any CPU
		{869CB583-2190-48A4-AE2E-95B0CD3490FB}.Release|Any CPU.ActiveCfg = Release|Any CPU
		{869CB583-2190-48A4-AE2E-95B0CD3490FB}.Release|Any CPU.Build.0 = Release|Any CPU
	EndGlobalSection
	GlobalSection(SolutionProperties) = preSolution
		HideSolutionNode = FALSE
	EndGlobalSection
	GlobalSection(ExtensibilityGlobals) = postSolution
		SolutionGuid = {78D55698-ECF5-45C4-8AB2-508A07324830}
	EndGlobalSection
EndGlobal
